{
	"name": "@mindw1n/webnative-core",
	"version": "2.0.0",
	"lockfileVersion": 3,
	"requires": true,
	"packages": {
		"": {
			"name": "@mindw1n/webnative-core",
			"version": "2.0.0",
			"license": "MIT",
			"dependencies": {
				"@mindw1n/webnative-core": "^1.0.2"
			}
		},
		"node_modules/@mindw1n/webnative-core": {
			"version": "1.0.2",
			"resolved": "https://registry.npmjs.org/@mindw1n/webnative-core/-/webnative-core-1.0.2.tgz",
			"integrity": "sha512-2HrAnqGWdDPKjU9Cd8aS31Z8mXxO6y+pz4s+bbyfaynQz6vr93ZaExsAXFVIM11TQyDw0RWMYGXZ2VkhjqMk/Q==",
			"license": "MIT"
		}
	}
}
